<?xml version="1.0" encoding="utf-8"?>
<Project ToolsVersion="4.0" xmlns="http://schemas.microsoft.com/developer/msbuild/2003">
  <ItemGroup>
    <Filter Include="Source Files">
      <UniqueIdentifier>{4FC737F1-C7A5-4376-A066-2A32D752A2FF}</UniqueIdentifier>
      <Extensions>cpp;c;cc;cxx;def;odl;idl;hpj;bat;asm;asmx</Extensions>
    </Filter>
    <Filter Include="Header Files">
      <UniqueIdentifier>{93995380-89BD-4b04-88EB-625FBE52EBFB}</UniqueIdentifier>
      <Extensions>h;hh;hpp;hxx;hm;inl;inc;ipp;xsd</Extensions>
    </Filter>
    <Filter Include="Resource Files">
      <UniqueIdentifier>{67DA6AB6-F800-4c08-8B7A-83BB121AAD01}</UniqueIdentifier>
      <Extensions>rc;ico;cur;bmp;dlg;rc2;rct;bin;rgs;gif;jpg;jpeg;jpe;resx;tiff;tif;png;wav;mfcribbon-ms</Extensions>
    </Filter>
    <Filter Include="Source Files\Gameplay">
      <UniqueIdentifier>{7f0a5ae7-8f12-4cb5-80ff-320458cfee7b}</UniqueIdentifier>
    </Filter>
    <Filter Include="Source Files\Networks">
      <UniqueIdentifier>{7329b38a-0939-446e-8d92-d916d56916d5}</UniqueIdentifier>
    </Filter>
    <Filter Include="Header Files\Gameplay">
      <UniqueIdentifier>{4df9f6fc-10f2-469d-8297-5318a4bbcf65}</UniqueIdentifier>
    </Filter>
    <Filter Include="Header Files\Networks">
      <UniqueIdentifier>{170c947b-82dd-46d4-9697-a55db84c0d44}</UniqueIdentifier>
    </Filter>
    <Filter Include="Header Files\System">
      <UniqueIdentifier>{70151b8d-f5e5-4d63-8f88-91fbdd413428}</UniqueIdentifier>
    </Filter>
    <Filter Include="Source Files\System">
      <UniqueIdentifier>{6266d050-b1dd-450b-b7d3-c57af87df99c}</UniqueIdentifier>
    </Filter>
    <Filter Include="Source Files\ENet">
      <UniqueIdentifier>{75ff15c9-8e6e-4f2d-bfad-81c6908500f5}</UniqueIdentifier>
    </Filter>
    <Filter Include="Header Files\ENet">
      <UniqueIdentifier>{49085cfa-30de-4ea3-b71a-41dc02946b77}</UniqueIdentifier>
    </Filter>
    <Filter Include="Header Files\JSON">
      <UniqueIdentifier>{3ecb39bc-d681-4845-bbdb-15c49c3be0e5}</UniqueIdentifier>
    </Filter>
    <Filter Include="Source Files\JSON">
      <UniqueIdentifier>{3fef1acd-acf3-4125-a94a-c2f19e5ee9a6}</UniqueIdentifier>
    </Filter>
  </ItemGroup>
  <ItemGroup>
    <ClCompile Include="Player.cpp">
      <Filter>Source Files\Gameplay</Filter>
    </ClCompile>
    <ClCompile Include="MapPoint.cpp">
      <Filter>Source Files\Gameplay</Filter>
    </ClCompile>
    <ClCompile Include="MapHelper.cpp">
      <Filter>Source Files\Gameplay</Filter>
    </ClCompile>
    <ClCompile Include="CardManager.cpp">
      <Filter>Source Files\Gameplay</Filter>
    </ClCompile>
    <ClCompile Include="Event.cpp">
      <Filter>Source Files\Gameplay</Filter>
    </ClCompile>
    <ClCompile Include="GameSettings.cpp">
      <Filter>Source Files\Gameplay</Filter>
    </ClCompile>
    <ClCompile Include="Utility.cpp">
      <Filter>Source Files\Gameplay</Filter>
    </ClCompile>
    <ClCompile Include="enet.c">
      <Filter>Source Files\ENet</Filter>
    </ClCompile>
    <ClCompile Include="GameInstance.cpp">
      <Filter>Source Files\System</Filter>
    </ClCompile>
    <ClCompile Include="Main.cpp">
      <Filter>Source Files\System</Filter>
    </ClCompile>
    <ClCompile Include="Room.cpp">
      <Filter>Source Files\Networks</Filter>
    </ClCompile>
    <ClCompile Include="json.cpp">
      <Filter>Source Files\JSON</Filter>
    </ClCompile>
    <ClCompile Include="ENetController.cpp">
      <Filter>Source Files\Networks</Filter>
    </ClCompile>
  </ItemGroup>
  <ItemGroup>
    <ClInclude Include="CardManager.h">
      <Filter>Header Files\Gameplay</Filter>
    </ClInclude>
    <ClInclude Include="Event.h">
      <Filter>Header Files\Gameplay</Filter>
    </ClInclude>
    <ClInclude Include="GameSettings.h">
      <Filter>Header Files\Gameplay</Filter>
    </ClInclude>
    <ClInclude Include="MapHelper.h">
      <Filter>Header Files\Gameplay</Filter>
    </ClInclude>
    <ClInclude Include="MapPoint.h">
      <Filter>Header Files\Gameplay</Filter>
    </ClInclude>
    <ClInclude Include="Player.h">
      <Filter>Header Files\Gameplay</Filter>
    </ClInclude>
    <ClInclude Include="Utility.h">
      <Filter>Header Files\Gameplay</Filter>
    </ClInclude>
    <ClInclude Include="ENetController.h">
      <Filter>Header Files\Networks</Filter>
    </ClInclude>
    <ClInclude Include="GameInstance.h">
      <Filter>Header Files\System</Filter>
    </ClInclude>
    <ClInclude Include="Room.h">
      <Filter>Header Files\Networks</Filter>
    </ClInclude>
    <ClInclude Include="EnumNet.h">
      <Filter>Header Files\Networks</Filter>
    </ClInclude>
    <ClInclude Include="enet.h">
      <Filter>Header Files\ENet</Filter>
    </ClInclude>
    <ClInclude Include="json.h">
      <Filter>Header Files\JSON</Filter>
    </ClInclude>
  </ItemGroup>
</Project>